// !$*UTF8*$!
{
	archiveVersion = 1;
	classes = {
	};
	objectVersion = 46;
	objects = {

/* Begin PBXBuildFile section */
		15BC85A01784DD8A00CFF5B5 /* Cocoa.framework in Frameworks */ = {isa = PBXBuildFile; fileRef = 15BC859F1784DD8A00CFF5B5 /* Cocoa.framework */; };
		15BC85AA1784DD8A00CFF5B5 /* InfoPlist.strings in Resources */ = {isa = PBXBuildFile; fileRef = 15BC85A81784DD8A00CFF5B5 /* InfoPlist.strings */; };
		15BC85AC1784DD8A00CFF5B5 /* main.m in Sources */ = {isa = PBXBuildFile; fileRef = 15BC85AB1784DD8A00CFF5B5 /* main.m */; };
		15BC85B01784DD8A00CFF5B5 /* Credits.rtf in Resources */ = {isa = PBXBuildFile; fileRef = 15BC85AE1784DD8A00CFF5B5 /* Credits.rtf */; };
		15BC85B31784DD8A00CFF5B5 /* AppDelegate.m in Sources */ = {isa = PBXBuildFile; fileRef = 15BC85B21784DD8A00CFF5B5 /* AppDelegate.m */; };
		15BC85B61784DD8A00CFF5B5 /* MainMenu.xib in Resources */ = {isa = PBXBuildFile; fileRef = 15BC85B41784DD8A00CFF5B5 /* MainMenu.xib */; };
/* End PBXBuildFile section */

/* Begin PBXFileReference section */
		15BC859B1784DD8A00CFF5B5 /* walk?.app */ = {isa = PBXFileReference; explicitFileType = wrapper.application; includeInIndex = 0; path = "walk?.app"; sourceTree = BUILT_PRODUCTS_DIR; };
		15BC859F1784DD8A00CFF5B5 /* Cocoa.framework */ = {isa = PBXFileReference; lastKnownFileType = wrapper.framework; name = Cocoa.framework; path = System/Library/Frameworks/Cocoa.framework; sourceTree = SDKROOT; };
		15BC85A21784DD8A00CFF5B5 /* AppKit.framework */ = {isa = PBXFileReference; lastKnownFileType = wrapper.framework; name = AppKit.framework; path = System/Library/Frameworks/AppKit.framework; sourceTree = SDKROOT; };
		15BC85A31784DD8A00CFF5B5 /* CoreData.framework */ = {isa = PBXFileReference; lastKnownFileType = wrapper.framework; name = CoreData.framework; path = System/Library/Frameworks/CoreData.framework; sourceTree = SDKROOT; };
		15BC85A41784DD8A00CFF5B5 /* Foundation.framework */ = {isa = PBXFileReference; lastKnownFileType = wrapper.framework; name = Foundation.framework; path = System/Library/Frameworks/Foundation.framework; sourceTree = SDKROOT; };
		15BC85A71784DD8A00CFF5B5 /* walk?-Info.plist */ = {isa = PBXFileReference; path = "walk?-Info.plist"; sourceTree = "<group>"; };
		15BC85A91784DD8A00CFF5B5 /* en */ = {isa = PBXFileReference; lastKnownFileType = text.plist.strings; name = en; path = en.lproj/InfoPlist.strings; sourceTree = "<group>"; };
		15BC85AB1784DD8A00CFF5B5 /* main.m */ = {isa = PBXFileReference; lastKnownFileType = sourcecode.c.objc; path = main.m; sourceTree = "<group>"; };
		15BC85AD1784DD8A00CFF5B5 /* walk?-Prefix.pch */ = {isa = PBXFileReference; path = "walk?-Prefix.pch"; sourceTree = "<group>"; };
		15BC85AF1784DD8A00CFF5B5 /* en */ = {isa = PBXFileReference; lastKnownFileType = text.rtf; name = en; path = en.lproj/Credits.rtf; sourceTree = "<group>"; };
		15BC85B11784DD8A00CFF5B5 /* AppDelegate.h */ = {isa = PBXFileReference; path = AppDelegate.h; sourceTree = "<group>"; };
		15BC85B21784DD8A00CFF5B5 /* AppDelegate.m */ = {isa = PBXFileReference; lastKnownFileType = sourcecode.c.objc; path = AppDelegate.m; sourceTree = "<group>"; };
		15BC85B51784DD8A00CFF5B5 /* en */ = {isa = PBXFileReference; lastKnownFileType = file.xib; name = en; path = en.lproj/MainMenu.xib; sourceTree = "<group>"; };
/* End PBXFileReference section */

/* Begin PBXFrameworksBuildPhase section */
		15BC85981784DD8A00CFF5B5 /* Frameworks */ = {
			isa = PBXFrameworksBuildPhase;
			buildActionMask = 2147483647;
			files = (
				15BC85A01784DD8A00CFF5B5 /* Cocoa.framework in Frameworks */,
			);
			runOnlyForDeploymentPostprocessing = 0;
		};
/* End PBXFrameworksBuildPhase section */

/* Begin PBXGroup section */
		15BC85901784DD8900CFF5B5 = {
			isa = PBXGroup;
			children = (
				15BC85A51784DD8A00CFF5B5 /* walk? */,
				15BC859E1784DD8A00CFF5B5 /* Frameworks */,
				15BC859C1784DD8A00CFF5B5 /* Products */,
			);
			sourceTree = "<group>";
		};
		15BC859C1784DD8A00CFF5B5 /* Products */ = {
			isa = PBXGroup;
			children = (
				15BC859B1784DD8A00CFF5B5 /* walk?.app */,
			);
			name = Products;
			sourceTree = "<group>";
		};
		15BC859E1784DD8A00CFF5B5 /* Frameworks */ = {
			isa = PBXGroup;
			children = (
				15BC859F1784DD8A00CFF5B5 /* Cocoa.framework */,
				15BC85A11784DD8A00CFF5B5 /* Other Frameworks */,
			);
			name = Frameworks;
			sourceTree = "<group>";
		};
		15BC85A11784DD8A00CFF5B5 /* Other Frameworks */ = {
			isa = PBXGroup;
			children = (
				15BC85A21784DD8A00CFF5B5 /* AppKit.framework */,
				15BC85A31784DD8A00CFF5B5 /* CoreData.framework */,
				15BC85A41784DD8A00CFF5B5 /* Foundation.framework */,
			);
			name = "Other Frameworks";
			sourceTree = "<group>";
		};
		15BC85A51784DD8A00CFF5B5 /* walk? */ = {
			isa = PBXGroup;
			children = (
				15BC85B11784DD8A00CFF5B5 /* AppDelegate.h */,
				15BC85B21784DD8A00CFF5B5 /* AppDelegate.m */,
				15BC85B41784DD8A00CFF5B5 /* MainMenu.xib */,
				15BC85A61784DD8A00CFF5B5 /* Supporting Files */,
			);
			path = "walk?";
			sourceTree = "<group>";
		};
		15BC85A61784DD8A00CFF5B5 /* Supporting Files */ = {
			isa = PBXGroup;
			children = (
				15BC85A71784DD8A00CFF5B5 /* walk?-Info.plist */,
				15BC85A81784DD8A00CFF5B5 /* InfoPlist.strings */,
				15BC85AB1784DD8A00CFF5B5 /* main.m */,
				15BC85AD1784DD8A00CFF5B5 /* walk?-Prefix.pch */,
				15BC85AE1784DD8A00CFF5B5 /* Credits.rtf */,
			);
			name = "Supporting Files";
			sourceTree = "<group>";
		};
/* End PBXGroup section */

/* Begin PBXNativeTarget section */
		15BC859A1784DD8A00CFF5B5 /* walk? */ = {
			isa = PBXNativeTarget;
			buildConfigurationList = 15BC85B91784DD8A00CFF5B5 /* Build configuration list for PBXNativeTarget "walk?" */;
			buildPhases = (
				15BC85971784DD8A00CFF5B5 /* Sources */,
				15BC85981784DD8A00CFF5B5 /* Frameworks */,
				15BC85991784DD8A00CFF5B5 /* Resources */,
			);
			buildRules = (
			);
			dependencies = (
			);
			name = "walk?";
			productName = "walk?";
			productReference = 15BC859B1784DD8A00CFF5B5 /* walk?.app */;
			productType = "com.apple.product-type.application";
		};
/* End PBXNativeTarget section */

/* Begin PBXProject section */
		15BC85921784DD8900CFF5B5 /* Project object */ = {
			isa = PBXProject;
			attributes = {
				LastUpgradeCheck = 0420;
				ORGANIZATIONNAME = "Mortfell Oktorium";
			};
			buildConfigurationList = 15BC85951784DD8900CFF5B5 /* Build configuration list for PBXProject "walk?" */;
			compatibilityVersion = "Xcode 3.2";
			developmentRegion = English;
			hasScannedForEncodings = 0;
			knownRegions = (
				en,
			);
			mainGroup = 15BC85901784DD8900CFF5B5;
			productRefGroup = 15BC859C1784DD8A00CFF5B5 /* Products */;
			projectDirPath = "";
			projectRoot = "";
			targets = (
				15BC859A1784DD8A00CFF5B5 /* walk? */,
			);
		};
/* End PBXProject section */

/* Begin PBXResourcesBuildPhase section */
		15BC85991784DD8A00CFF5B5 /* Resources */ = {
			isa = PBXResourcesBuildPhase;
			buildActionMask = 2147483647;
			files = (
				15BC85AA1784DD8A00CFF5B5 /* InfoPlist.strings in Resources */,
				15BC85B01784DD8A00CFF5B5 /* Credits.rtf in Resources */,
				15BC85B61784DD8A00CFF5B5 /* MainMenu.xib in Resources */,
			);
			runOnlyForDeploymentPostprocessing = 0;
		};
/* End PBXResourcesBuildPhase section */

/* Begin PBXSourcesBuildPhase section */
		15BC85971784DD8A00CFF5B5 /* Sources */ = {
			isa = PBXSourcesBuildPhase;
			buildActionMask = 2147483647;
			files = (
				15BC85AC1784DD8A00CFF5B5 /* main.m in Sources */,
				15BC85B31784DD8A00CFF5B5 /* AppDelegate.m in Sources */,
			);
			runOnlyForDeploymentPostprocessing = 0;
		};
/* End PBXSourcesBuildPhase section */

/* Begin PBXVariantGroup section */
		15BC85A81784DD8A00CFF5B5 /* InfoPlist.strings */ = {
			isa = PBXVariantGroup;
			children = (
				15BC85A91784DD8A00CFF5B5 /* en */,
			);
			name = InfoPlist.strings;
			sourceTree = "<group>";
		};
		15BC85AE1784DD8A00CFF5B5 /* Credits.rtf */ = {
			isa = PBXVariantGroup;
			children = (
				15BC85AF1784DD8A00CFF5B5 /* en */,
			);
			name = Credits.rtf;
			sourceTree = "<group>";
		};
		15BC85B41784DD8A00CFF5B5 /* MainMenu.xib */ = {
			isa = PBXVariantGroup;
			children = (
				15BC85B51784DD8A00CFF5B5 /* en */,
			);
			name = MainMenu.xib;
			sourceTree = "<group>";
		};
/* End PBXVariantGroup section */

/* Begin XCBuildConfiguration section */
		15BC85B71784DD8A00CFF5B5 /* Debug */ = {
			isa = XCBuildConfiguration;
			buildSettings = {
				ALWAYS_SEARCH_USER_PATHS = NO;
				ARCHS = "$(ARCHS_STANDARD_64_BIT)";
				COPY_PHASE_STRIP = NO;
				GCC_C_LANGUAGE_STANDARD = gnu99;
				GCC_DYNAMIC_NO_PIC = NO;
				GCC_ENABLE_OBJC_EXCEPTIONS = YES;
				GCC_OPTIMIZATION_LEVEL = 0;
				GCC_PREPROCESSOR_DEFINITIONS = (
					"DEBUG=1",
					"$(inherited)",
				);
				GCC_SYMBOLS_PRIVATE_EXTERN = NO;
				GCC_VERSION = com.apple.compilers.llvm.clang.1_0;
				GCC_WARN_64_TO_32_BIT_CONVERSION = YES;
				GCC_WARN_ABOUT_MISSING_PROTOTYPES = YES;
				GCC_WARN_ABOUT_RETURN_TYPE = YES;
				GCC_WARN_UNUSED_VARIABLE = YES;
				MACOSX_DEPLOYMENT_TARGET = 10.7;
				ONLY_ACTIVE_ARCH = YES;
				SDKROOT = macosx;
			};
			name = Debug;
		};
		15BC85B81784DD8A00CFF5B5 /* Release */ = {
			isa = XCBuildConfiguration;
			buildSettings = {
				ALWAYS_SEARCH_USER_PATHS = NO;
				ARCHS = "$(ARCHS_STANDARD_64_BIT)";
				COPY_PHASE_STRIP = YES;
				DEBUG_INFORMATION_FORMAT = "dwarf-with-dsym";
				GCC_C_LANGUAGE_STANDARD = gnu99;
				GCC_ENABLE_OBJC_EXCEPTIONS = YES;
				GCC_VERSION = com.apple.compilers.llvm.clang.1_0;
				GCC_WARN_64_TO_32_BIT_CONVERSION = YES;
				GCC_WARN_ABOUT_MISSING_PROTOTYPES = YES;
				GCC_WARN_ABOUT_RETURN_TYPE = YES;
				GCC_WARN_UNUSED_VARIABLE = YES;
				MACOSX_DEPLOYMENT_TARGET = 10.7;
				SDKROOT = macosx;
			};
			name = Release;
		};
		15BC85BA1784DD8A00CFF5B5 /* Debug */ = {
			isa = XCBuildConfiguration;
			buildSettings = {
				GCC_PRECOMPILE_PREFIX_HEADER = YES;
				GCC_PREFIX_HEADER = "walk?/walk?-Prefix.pch";
				INFOPLIST_FILE = "walk?/walk?-Info.plist";
				PRODUCT_NAME = "$(TARGET_NAME)";
				WRAPPER_EXTENSION = app;
			};
			name = Debug;
		};
		15BC85BB1784DD8A00CFF5B5 /* Release */ = {
			isa = XCBuildConfiguration;
			buildSettings = {
				GCC_PRECOMPILE_PREFIX_HEADER = YES;
				GCC_PREFIX_HEADER = "walk?/walk?-Prefix.pch";
				INFOPLIST_FILE = "walk?/walk?-Info.plist";
				PRODUCT_NAME = "$(TARGET_NAME)";
				WRAPPER_EXTENSION = app;
			};
			name = Release;
		};
/* End XCBuildConfiguration section */

/* Begin XCConfigurationList section */
		15BC85951784DD8900CFF5B5 /* Build configuration list for PBXProject "walk?" */ = {
			isa = XCConfigurationList;
			buildConfigurations = (
				15BC85B71784DD8A00CFF5B5 /* Debug */,
				15BC85B81784DD8A00CFF5B5 /* Release */,
			);
			defaultConfigurationIsVisible = 0;
			defaultConfigurationName = Release;
		};
		15BC85B91784DD8A00CFF5B5 /* Build configuration list for PBXNativeTarget "walk?" */ = {
			isa = XCConfigurationList;
			buildConfigurations = (
				15BC85BA1784DD8A00CFF5B5 /* Debug */,
				15BC85BB1784DD8A00CFF5B5 /* Release */,
			);
			defaultConfigurationIsVisible = 0;
		};
/* End XCConfigurationList section */
	};
	rootObject = 15BC85921784DD8900CFF5B5 /* Project object */;
}
